
Microsoft Visual Studio Solution File, Format Version 12.00
# Visual Studio Version 16
VisualStudioVersion = 16.0.31624.102
MinimumVisualStudioVersion = 10.0.40219.1
Project("{9A19103F-16F7-4668-BE54-9A1E7A4F7556}") = "EmployeeAccounting", "EmployeeAccounting\EmployeeAccounting.csproj", "{108A0C6A-5DFC-40D2-A386-E52F2647687D}"
EndProject
Project("{9A19103F-16F7-4668-BE54-9A1E7A4F7556}") = "EmployeeAccounting.Db", "EmployeeAccounting.Db\EmployeeAccounting.Db.csproj", "{56A2BEAF-FEF9-41E8-B67A-5593214AFF81}"
EndProject
Project("{9A19103F-16F7-4668-BE54-9A1E7A4F7556}") = "EmployeeAccounting.Services", "EmployeeAccounting.Services\EmployeeAccounting.Services.csproj", "{3AC8BC3F-E95B-430A-A9C3-CDB03DE38101}"
EndProject
Project("{9A19103F-16F7-4668-BE54-9A1E7A4F7556}") = "EmployeeAccounting.Common", "EmployeeAccounting.Common\EmployeeAccounting.Common.csproj", "{8029F9F7-05A4-466E-9A9A-429F3C52193C}"
EndProject
Global
	GlobalSection(SolutionConfigurationPlatforms) = preSolution
		Debug|Any CPU = Debug|Any CPU
		Release|Any CPU = Release|Any CPU
	EndGlobalSection
	GlobalSection(ProjectConfigurationPlatforms) = postSolution
		{108A0C6A-5DFC-40D2-A386-E52F2647687D}.Debug|Any CPU.ActiveCfg = Debug|Any CPU
		{108A0C6A-5DFC-40D2-A386-E52F2647687D}.Debug|Any CPU.Build.0 = Debug|Any CPU
		{108A0C6A-5DFC-40D2-A386-E52F2647687D}.Release|Any CPU.ActiveCfg = Release|Any CPU
		{108A0C6A-5DFC-40D2-A386-E52F2647687D}.Release|Any CPU.Build.0 = Release|Any CPU
		{56A2BEAF-FEF9-41E8-B67A-5593214AFF81}.Debug|Any CPU.ActiveCfg = Debug|Any CPU
		{56A2BEAF-FEF9-41E8-B67A-5593214AFF81}.Debug|Any CPU.Build.0 = Debug|Any CPU
		{56A2BEAF-FEF9-41E8-B67A-5593214AFF81}.Release|Any CPU.ActiveCfg = Release|Any CPU
		{56A2BEAF-FEF9-41E8-B67A-5593214AFF81}.Release|Any CPU.Build.0 = Release|Any CPU
		{3AC8BC3F-E95B-430A-A9C3-CDB03DE38101}.Debug|Any CPU.ActiveCfg = Debug|Any CPU
		{3AC8BC3F-E95B-430A-A9C3-CDB03DE38101}.Debug|Any CPU.Build.0 = Debug|Any CPU
		{3AC8BC3F-E95B-430A-A9C3-CDB03DE38101}.Release|Any CPU.ActiveCfg = Release|Any CPU
		{3AC8BC3F-E95B-430A-A9C3-CDB03DE38101}.Release|Any CPU.Build.0 = Release|Any CPU
		{8029F9F7-05A4-466E-9A9A-429F3C52193C}.Debug|Any CPU.ActiveCfg = Debug|Any CPU
		{8029F9F7-05A4-466E-9A9A-429F3C52193C}.Debug|Any CPU.Build.0 = Debug|Any CPU
		{8029F9F7-05A4-466E-9A9A-429F3C52193C}.Release|Any CPU.ActiveCfg = Release|Any CPU
		{8029F9F7-05A4-466E-9A9A-429F3C52193C}.Release|Any CPU.Build.0 = Release|Any CPU
	EndGlobalSection
	GlobalSection(SolutionProperties) = preSolution
		HideSolutionNode = FALSE
	EndGlobalSection
	GlobalSection(ExtensibilityGlobals) = postSolution
		SolutionGuid = {10982A9B-841A-49D7-A0A0-C477940D3548}
	EndGlobalSection
EndGlobal
